
Microsoft Visual Studio Solution File, Format Version 12.00
# Visual Studio Version 16
VisualStudioVersion = 16.0.31112.23
MinimumVisualStudioVersion = 10.0.40219.1
Project("{FAE04EC0-301F-11D3-BF4B-00C04F79EFBC}") = "CMS.BL", "CMS.BL\CMS.BL.csproj", "{BB759345-A596-4510-8EC6-AEE6AB7CDAAB}"
EndProject
Project("{2150E333-8FDC-42A3-9474-1A3956D46DE8}") = "Tests", "Tests", "{35B712D8-E96D-4F6C-8C25-8A38651B73CB}"
EndProject
Project("{FAE04EC0-301F-11D3-BF4B-00C04F79EFBC}") = "CMS.BLTest", "CMS.BLTest\CMS.BLTest.csproj", "{16F9CC47-CECE-4BC0-9BAD-FB3F6C45AD2A}"
EndProject
Project("{FAE04EC0-301F-11D3-BF4B-00C04F79EFBC}") = "Zuci.Common", "Zuci.Common\Zuci.Common.csproj", "{D90BCDBB-638E-47F9-B3BB-C809CD25A87E}"
EndProject
Project("{FAE04EC0-301F-11D3-BF4B-00C04F79EFBC}") = "Zuci.CommonTests", "Tests\Zuci.CommonTests\Zuci.CommonTests.csproj", "{06E25452-223A-4C9B-84DE-823A68C3E0F2}"
EndProject
Global
	GlobalSection(SolutionConfigurationPlatforms) = preSolution
		Debug|Any CPU = Debug|Any CPU
		Release|Any CPU = Release|Any CPU
	EndGlobalSection
	GlobalSection(ProjectConfigurationPlatforms) = postSolution
		{BB759345-A596-4510-8EC6-AEE6AB7CDAAB}.Debug|Any CPU.ActiveCfg = Debug|Any CPU
		{BB759345-A596-4510-8EC6-AEE6AB7CDAAB}.Debug|Any CPU.Build.0 = Debug|Any CPU
		{BB759345-A596-4510-8EC6-AEE6AB7CDAAB}.Release|Any CPU.ActiveCfg = Release|Any CPU
		{BB759345-A596-4510-8EC6-AEE6AB7CDAAB}.Release|Any CPU.Build.0 = Release|Any CPU
		{16F9CC47-CECE-4BC0-9BAD-FB3F6C45AD2A}.Debug|Any CPU.ActiveCfg = Debug|Any CPU
		{16F9CC47-CECE-4BC0-9BAD-FB3F6C45AD2A}.Debug|Any CPU.Build.0 = Debug|Any CPU
		{16F9CC47-CECE-4BC0-9BAD-FB3F6C45AD2A}.Release|Any CPU.ActiveCfg = Release|Any CPU
		{16F9CC47-CECE-4BC0-9BAD-FB3F6C45AD2A}.Release|Any CPU.Build.0 = Release|Any CPU
		{D90BCDBB-638E-47F9-B3BB-C809CD25A87E}.Debug|Any CPU.ActiveCfg = Debug|Any CPU
		{D90BCDBB-638E-47F9-B3BB-C809CD25A87E}.Debug|Any CPU.Build.0 = Debug|Any CPU
		{D90BCDBB-638E-47F9-B3BB-C809CD25A87E}.Release|Any CPU.ActiveCfg = Release|Any CPU
		{D90BCDBB-638E-47F9-B3BB-C809CD25A87E}.Release|Any CPU.Build.0 = Release|Any CPU
		{06E25452-223A-4C9B-84DE-823A68C3E0F2}.Debug|Any CPU.ActiveCfg = Debug|Any CPU
		{06E25452-223A-4C9B-84DE-823A68C3E0F2}.Debug|Any CPU.Build.0 = Debug|Any CPU
		{06E25452-223A-4C9B-84DE-823A68C3E0F2}.Release|Any CPU.ActiveCfg = Release|Any CPU
		{06E25452-223A-4C9B-84DE-823A68C3E0F2}.Release|Any CPU.Build.0 = Release|Any CPU
	EndGlobalSection
	GlobalSection(SolutionProperties) = preSolution
		HideSolutionNode = FALSE
	EndGlobalSection
	GlobalSection(NestedProjects) = preSolution
		{16F9CC47-CECE-4BC0-9BAD-FB3F6C45AD2A} = {35B712D8-E96D-4F6C-8C25-8A38651B73CB}
		{06E25452-223A-4C9B-84DE-823A68C3E0F2} = {35B712D8-E96D-4F6C-8C25-8A38651B73CB}
	EndGlobalSection
	GlobalSection(ExtensibilityGlobals) = postSolution
		SolutionGuid = {F301E9D6-7A21-45A4-A96C-F9E989CD3109}
	EndGlobalSection
EndGlobal
